
Microsoft Visual Studio Solution File, Format Version 12.00
# Visual Studio Version 17
VisualStudioVersion = 17.5.33424.131
MinimumVisualStudioVersion = 10.0.40219.1
Project("{FAE04EC0-301F-11D3-BF4B-00C04F79EFBC}") = "ContosoUniversity", "ContosoUniversity.csproj", "{B2223137-B549-4C18-8E28-071E66A9E276}"
EndProject
Global
	GlobalSection(SolutionConfigurationPlatforms) = preSolution
		Debug|Any CPU = Debug|Any CPU
		Release|Any CPU = Release|Any CPU
	EndGlobalSection
	GlobalSection(ProjectConfigurationPlatforms) = postSolution
		{B2223137-B549-4C18-8E28-071E66A9E276}.Debug|Any CPU.ActiveCfg = Debug|Any CPU
		{B2223137-B549-4C18-8E28-071E66A9E276}.Debug|Any CPU.Build.0 = Debug|Any CPU
		{B2223137-B549-4C18-8E28-071E66A9E276}.Release|Any CPU.ActiveCfg = Release|Any CPU
		{B2223137-B549-4C18-8E28-071E66A9E276}.Release|Any CPU.Build.0 = Release|Any CPU
	EndGlobalSection
	GlobalSection(SolutionProperties) = preSolution
		HideSolutionNode = FALSE
	EndGlobalSection
	GlobalSection(ExtensibilityGlobals) = postSolution
		SolutionGuid = {28C2D863-C974-43C0-A1F7-19ED332C2F94}
	EndGlobalSection
EndGlobal
